
Microsoft Visual Studio Solution File, Format Version 12.00
# Visual Studio 15
VisualStudioVersion = 15.0.28307.1022
MinimumVisualStudioVersion = 10.0.40219.1
Project("{FAE04EC0-301F-11D3-BF4B-00C04F79EFBC}") = "CommonDataServiceWebAPIIntegration", "CommonDataServiceWebAPIIntegration\CommonDataServiceWebAPIIntegration.csproj", "{C24D22C7-3829-4EF7-A95E-8CFB3706D6E1}"
EndProject
Global
	GlobalSection(SolutionConfigurationPlatforms) = preSolution
		Debug|Any CPU = Debug|Any CPU
		Release|Any CPU = Release|Any CPU
	EndGlobalSection
	GlobalSection(ProjectConfigurationPlatforms) = postSolution
		{C24D22C7-3829-4EF7-A95E-8CFB3706D6E1}.Debug|Any CPU.ActiveCfg = Debug|Any CPU
		{C24D22C7-3829-4EF7-A95E-8CFB3706D6E1}.Debug|Any CPU.Build.0 = Debug|Any CPU
		{C24D22C7-3829-4EF7-A95E-8CFB3706D6E1}.Release|Any CPU.ActiveCfg = Release|Any CPU
		{C24D22C7-3829-4EF7-A95E-8CFB3706D6E1}.Release|Any CPU.Build.0 = Release|Any CPU
	EndGlobalSection
	GlobalSection(SolutionProperties) = preSolution
		HideSolutionNode = FALSE
	EndGlobalSection
	GlobalSection(ExtensibilityGlobals) = postSolution
		SolutionGuid = {F1F0CECC-5A9F-4B16-BBCB-DDE809A01F16}
	EndGlobalSection
EndGlobal
